// !$*UTF8*$!
{
	archiveVersion = 1;
	classes = {
	};
	objectVersion = 46;
	objects = {

/* Begin PBXBuildFile section */
		C93EF7121E80CDD4003D6552 /* AppDelegate.swift in Sources */ = {isa = PBXBuildFile; fileRef = C93EF7111E80CDD4003D6552 /* AppDelegate.swift */; };
		C93EF7141E80CDD4003D6552 /* ViewController.swift in Sources */ = {isa = PBXBuildFile; fileRef = C93EF7131E80CDD4003D6552 /* ViewController.swift */; };
		C93EF7171E80CDD4003D6552 /* Main.storyboard in Resources */ = {isa = PBXBuildFile; fileRef = C93EF7151E80CDD4003D6552 /* Main.storyboard */; };
		C93EF7191E80CDD4003D6552 /* Assets.xcassets in Resources */ = {isa = PBXBuildFile; fileRef = C93EF7181E80CDD4003D6552 /* Assets.xcassets */; };
		C93EF71C1E80CDD4003D6552 /* LaunchScreen.storyboard in Resources */ = {isa = PBXBuildFile; fileRef = C93EF71A1E80CDD4003D6552 /* LaunchScreen.storyboard */; };
/* End PBXBuildFile section */

/* Begin PBXFileReference section */
		C93EF70E1E80CDD3003D6552 /* CustomUTISample.app */ = {isa = PBXFileReference; explicitFileType = wrapper.application; includeInIndex = 0; path = CustomUTISample.app; sourceTree = BUILT_PRODUCTS_DIR; };
		C93EF7111E80CDD4003D6552 /* AppDelegate.swift */ = {isa = PBXFileReference; lastKnownFileType = sourcecode.swift; path = AppDelegate.swift; sourceTree = "<group>"; };
		C93EF7131E80CDD4003D6552 /* ViewController.swift */ = {isa = PBXFileReference; lastKnownFileType = sourcecode.swift; path = ViewController.swift; sourceTree = "<group>"; };
		C93EF7161E80CDD4003D6552 /* Base */ = {isa = PBXFileReference; lastKnownFileType = file.storyboard; name = Base; path = Base.lproj/Main.storyboard; sourceTree = "<group>"; };
		C93EF7181E80CDD4003D6552 /* Assets.xcassets */ = {isa = PBXFileReference; lastKnownFileType = folder.assetcatalog; path = Assets.xcassets; sourceTree = "<group>"; };
		C93EF71B1E80CDD4003D6552 /* Base */ = {isa = PBXFileReference; lastKnownFileType = file.storyboard; name = Base; path = Base.lproj/LaunchScreen.storyboard; sourceTree = "<group>"; };
		C93EF71D1E80CDD4003D6552 /* Info.plist */ = {isa = PBXFileReference; lastKnownFileType = text.plist.xml; path = Info.plist; sourceTree = "<group>"; };
/* End PBXFileReference section */

/* Begin PBXFrameworksBuildPhase section */
		C93EF70B1E80CDD3003D6552 /* Frameworks */ = {
			isa = PBXFrameworksBuildPhase;
			buildActionMask = 2147483647;
			files = (
			);
			runOnlyForDeploymentPostprocessing = 0;
		};
/* End PBXFrameworksBuildPhase section */

/* Begin PBXGroup section */
		C93EF7051E80CDD3003D6552 = {
			isa = PBXGroup;
			children = (
				C93EF7101E80CDD4003D6552 /* CustomUTISample */,
				C93EF70F1E80CDD3003D6552 /* Products */,
			);
			sourceTree = "<group>";
		};
		C93EF70F1E80CDD3003D6552 /* Products */ = {
			isa = PBXGroup;
			children = (
				C93EF70E1E80CDD3003D6552 /* CustomUTISample.app */,
			);
			name = Products;
			sourceTree = "<group>";
		};
		C93EF7101E80CDD4003D6552 /* CustomUTISample */ = {
			isa = PBXGroup;
			children = (
				C93EF7111E80CDD4003D6552 /* AppDelegate.swift */,
				C93EF7131E80CDD4003D6552 /* ViewController.swift */,
				C93EF7151E80CDD4003D6552 /* Main.storyboard */,
				C93EF7181E80CDD4003D6552 /* Assets.xcassets */,
				C93EF71A1E80CDD4003D6552 /* LaunchScreen.storyboard */,
				C93EF71D1E80CDD4003D6552 /* Info.plist */,
			);
			path = CustomUTISample;
			sourceTree = "<group>";
		};
/* End PBXGroup section */

/* Begin PBXNativeTarget section */
		C93EF70D1E80CDD3003D6552 /* CustomUTISample */ = {
			isa = PBXNativeTarget;
			buildConfigurationList = C93EF7201E80CDD4003D6552 /* Build configuration list for PBXNativeTarget "CustomUTISample" */;
			buildPhases = (
				C93EF70A1E80CDD3003D6552 /* Sources */,
				C93EF70B1E80CDD3003D6552 /* Frameworks */,
				C93EF70C1E80CDD3003D6552 /* Resources */,
			);
			buildRules = (
			);
			dependencies = (
			);
			name = CustomUTISample;
			productName = CustomUTISample;
			productReference = C93EF70E1E80CDD3003D6552 /* CustomUTISample.app */;
			productType = "com.apple.product-type.application";
		};
/* End PBXNativeTarget section */

/* Begin PBXProject section */
		C93EF7061E80CDD3003D6552 /* Project object */ = {
			isa = PBXProject;
			attributes = {
				LastSwiftUpdateCheck = 0820;
				LastUpgradeCheck = 0820;
				ORGANIZATIONNAME = "Shingo Hiraya";
				TargetAttributes = {
					C93EF70D1E80CDD3003D6552 = {
						CreatedOnToolsVersion = 8.2.1;
						DevelopmentTeam = R6USV66H63;
						ProvisioningStyle = Automatic;
					};
				};
			};
			buildConfigurationList = C93EF7091E80CDD3003D6552 /* Build configuration list for PBXProject "CustomUTISample" */;
			compatibilityVersion = "Xcode 3.2";
			developmentRegion = English;
			hasScannedForEncodings = 0;
			knownRegions = (
				en,
				Base,
			);
			mainGroup = C93EF7051E80CDD3003D6552;
			productRefGroup = C93EF70F1E80CDD3003D6552 /* Products */;
			projectDirPath = "";
			projectRoot = "";
			targets = (
				C93EF70D1E80CDD3003D6552 /* CustomUTISample */,
			);
		};
/* End PBXProject section */

/* Begin PBXResourcesBuildPhase section */
		C93EF70C1E80CDD3003D6552 /* Resources */ = {
			isa = PBXResourcesBuildPhase;
			buildActionMask = 2147483647;
			files = (
				C93EF71C1E80CDD4003D6552 /* LaunchScreen.storyboard in Resources */,
				C93EF7191E80CDD4003D6552 /* Assets.xcassets in Resources */,
				C93EF7171E80CDD4003D6552 /* Main.storyboard in Resources */,
			);
			runOnlyForDeploymentPostprocessing = 0;
		};
/* End PBXResourcesBuildPhase section */

/* Begin PBXSourcesBuildPhase section */
		C93EF70A1E80CDD3003D6552 /* Sources */ = {
			isa = PBXSourcesBuildPhase;
			buildActionMask = 2147483647;
			files = (
				C93EF7141E80CDD4003D6552 /* ViewController.swift in Sources */,
				C93EF7121E80CDD4003D6552 /* AppDelegate.swift in Sources */,
			);
			runOnlyForDeploymentPostprocessing = 0;
		};
/* End PBXSourcesBuildPhase section */

/* Begin PBXVariantGroup section */
		C93EF7151E80CDD4003D6552 /* Main.storyboard */ = {
			isa = PBXVariantGroup;
			children = (
				C93EF7161E80CDD4003D6552 /* Base */,
			);
			name = Main.storyboard;
			sourceTree = "<group>";
		};
		C93EF71A1E80CDD4003D6552 /* LaunchScreen.storyboard */ = {
			isa = PBXVariantGroup;
			children = (
				C93EF71B1E80CDD4003D6552 /* Base */,
			);
			name = LaunchScreen.storyboard;
			sourceTree = "<group>";
		};
/* End PBXVariantGroup section */

/* Begin XCBuildConfiguration section */
		C93EF71E1E80CDD4003D6552 /* Debug */ = {
			isa = XCBuildConfiguration;
			buildSettings = {
				ALWAYS_SEARCH_USER_PATHS = NO;
				CLANG_ANALYZER_NONNULL = YES;
				CLANG_CXX_LANGUAGE_STANDARD = "gnu++0x";
				CLANG_CXX_LIBRARY = "libc++";
				CLANG_ENABLE_MODULES = YES;
				CLANG_ENABLE_OBJC_ARC = YES;
				CLANG_WARN_BOOL_CONVERSION = YES;
				CLANG_WARN_CONSTANT_CONVERSION = YES;
				CLANG_WARN_DIRECT_OBJC_ISA_USAGE = YES_ERROR;
				CLANG_WARN_DOCUMENTATION_COMMENTS = YES;
				CLANG_WARN_EMPTY_BODY = YES;
				CLANG_WARN_ENUM_CONVERSION = YES;
				CLANG_WARN_INFINITE_RECURSION = YES;
				CLANG_WARN_INT_CONVERSION = YES;
				CLANG_WARN_OBJC_ROOT_CLASS = YES_ERROR;
				CLANG_WARN_SUSPICIOUS_MOVE = YES;
				CLANG_WARN_UNREACHABLE_CODE = YES;
				CLANG_WARN__DUPLICATE_METHOD_MATCH = YES;
				"CODE_SIGN_IDENTITY[sdk=iphoneos*]" = "iPhone Developer";
				COPY_PHASE_STRIP = NO;
				DEBUG_INFORMATION_FORMAT = dwarf;
				ENABLE_STRICT_OBJC_MSGSEND = YES;
				ENABLE_TESTABILITY = YES;
				GCC_C_LANGUAGE_STANDARD = gnu99;
				GCC_DYNAMIC_NO_PIC = NO;
				GCC_NO_COMMON_BLOCKS = YES;
				GCC_OPTIMIZATION_LEVEL = 0;
				GCC_PREPROCESSOR_DEFINITIONS = (
					"DEBUG=1",
					"$(inherited)",
				);
				GCC_WARN_64_TO_32_BIT_CONVERSION = YES;
				GCC_WARN_ABOUT_RETURN_TYPE = YES_ERROR;
				GCC_WARN_UNDECLARED_SELECTOR = YES;
				GCC_WARN_UNINITIALIZED_AUTOS = YES_AGGRESSIVE;
				GCC_WARN_UNUSED_FUNCTION = YES;
				GCC_WARN_UNUSED_VARIABLE = YES;
				IPHONEOS_DEPLOYMENT_TARGET = 10.2;
				MTL_ENABLE_DEBUG_INFO = YES;
				ONLY_ACTIVE_ARCH = YES;
				SDKROOT = iphoneos;
				SWIFT_ACTIVE_COMPILATION_CONDITIONS = DEBUG;
				SWIFT_OPTIMIZATION_LEVEL = "-Onone";
			};
			name = Debug;
		};
		C93EF71F1E80CDD4003D6552 /* Release */ = {
			isa = XCBuildConfiguration;
			buildSettings = {
				ALWAYS_SEARCH_USER_PATHS = NO;
				CLANG_ANALYZER_NONNULL = YES;
				CLANG_CXX_LANGUAGE_STANDARD = "gnu++0x";
				CLANG_CXX_LIBRARY = "libc++";
				CLANG_ENABLE_MODULES = YES;
				CLANG_ENABLE_OBJC_ARC = YES;
				CLANG_WARN_BOOL_CONVERSION = YES;
				CLANG_WARN_CONSTANT_CONVERSION = YES;
				CLANG_WARN_DIRECT_OBJC_ISA_USAGE = YES_ERROR;
				CLANG_WARN_DOCUMENTATION_COMMENTS = YES;
				CLANG_WARN_EMPTY_BODY = YES;
				CLANG_WARN_ENUM_CONVERSION = YES;
				CLANG_WARN_INFINITE_RECURSION = YES;
				CLANG_WARN_INT_CONVERSION = YES;
				CLANG_WARN_OBJC_ROOT_CLASS = YES_ERROR;
				CLANG_WARN_SUSPICIOUS_MOVE = YES;
				CLANG_WARN_UNREACHABLE_CODE = YES;
				CLANG_WARN__DUPLICATE_METHOD_MATCH = YES;
				"CODE_SIGN_IDENTITY[sdk=iphoneos*]" = "iPhone Developer";
				COPY_PHASE_STRIP = NO;
				DEBUG_INFORMATION_FORMAT = "dwarf-with-dsym";
				ENABLE_NS_ASSERTIONS = NO;
				ENABLE_STRICT_OBJC_MSGSEND = YES;
				GCC_C_LANGUAGE_STANDARD = gnu99;
				GCC_NO_COMMON_BLOCKS = YES;
				GCC_WARN_64_TO_32_BIT_CONVERSION = YES;
				GCC_WARN_ABOUT_RETURN_TYPE = YES_ERROR;
				GCC_WARN_UNDECLARED_SELECTOR = YES;
				GCC_WARN_UNINITIALIZED_AUTOS = YES_AGGRESSIVE;
				GCC_WARN_UNUSED_FUNCTION = YES;
				GCC_WARN_UNUSED_VARIABLE = YES;
				IPHONEOS_DEPLOYMENT_TARGET = 10.2;
				MTL_ENABLE_DEBUG_INFO = NO;
				SDKROOT = iphoneos;
				SWIFT_OPTIMIZATION_LEVEL = "-Owholemodule";
				VALIDATE_PRODUCT = YES;
			};
			name = Release;
		};
		C93EF7211E80CDD4003D6552 /* Debug */ = {
			isa = XCBuildConfiguration;
			buildSettings = {
				ASSETCATALOG_COMPILER_APPICON_NAME = AppIcon;
				DEVELOPMENT_TEAM = R6USV66H63;
				INFOPLIST_FILE = CustomUTISample/Info.plist;
				LD_RUNPATH_SEARCH_PATHS = "$(inherited) @executable_path/Frameworks";
				PRODUCT_BUNDLE_IDENTIFIER = com.shingohry.CustomUTISample;
				PRODUCT_NAME = "$(TARGET_NAME)";
				SWIFT_VERSION = 3.0;
			};
			name = Debug;
		};
		C93EF7221E80CDD4003D6552 /* Release */ = {
			isa = XCBuildConfiguration;
			buildSettings = {
				ASSETCATALOG_COMPILER_APPICON_NAME = AppIcon;
				DEVELOPMENT_TEAM = R6USV66H63;
				INFOPLIST_FILE = CustomUTISample/Info.plist;
				LD_RUNPATH_SEARCH_PATHS = "$(inherited) @executable_path/Frameworks";
				PRODUCT_BUNDLE_IDENTIFIER = com.shingohry.CustomUTISample;
				PRODUCT_NAME = "$(TARGET_NAME)";
				SWIFT_VERSION = 3.0;
			};
			name = Release;
		};
/* End XCBuildConfiguration section */

/* Begin XCConfigurationList section */
		C93EF7091E80CDD3003D6552 /* Build configuration list for PBXProject "CustomUTISample" */ = {
			isa = XCConfigurationList;
			buildConfigurations = (
				C93EF71E1E80CDD4003D6552 /* Debug */,
				C93EF71F1E80CDD4003D6552 /* Release */,
			);
			defaultConfigurationIsVisible = 0;
			defaultConfigurationName = Release;
		};
		C93EF7201E80CDD4003D6552 /* Build configuration list for PBXNativeTarget "CustomUTISample" */ = {
			isa = XCConfigurationList;
			buildConfigurations = (
				C93EF7211E80CDD4003D6552 /* Debug */,
				C93EF7221E80CDD4003D6552 /* Release */,
			);
			defaultConfigurationIsVisible = 0;
		};
/* End XCConfigurationList section */
	};
	rootObject = C93EF7061E80CDD3003D6552 /* Project object */;
}
